#MicroXplorer Configuration settings - do not modify
ADC1.BoostMode=ENABLE
ADC1.Channel-221\#ChannelRegularConversion=ADC_CHANNEL_5
ADC1.ClockPrescaler=ADC_CLOCK_ASYNC_DIV12
ADC1.ContinuousConvMode=DISABLE
ADC1.ConversionDataManagement=ADC_CONVERSIONDATA_DR
ADC1.DMAContinuousRequests=DISABLE
ADC1.DiscontinuousConvMode=DISABLE
ADC1.EOCSelection=ADC_EOC_SINGLE_CONV
ADC1.EnableAnalogWatchDog1=false
ADC1.EnableAnalogWatchDog2=false
ADC1.EnableAnalogWatchDog3=false
ADC1.EnableInjectedConversion=DISABLE
ADC1.EnableRegularConversion=ENABLE
ADC1.ExternalTrigConv=ADC_SOFTWARE_START
ADC1.ExternalTrigConvEdge=ADC_EXTERNALTRIGCONVEDGE_NONE
ADC1.IPParameters=Rank-221\#ChannelRegularConversion,Channel-221\#ChannelRegularConversion,SamplingTime-221\#ChannelRegularConversion,OffsetNumber-221\#ChannelRegularConversion,NbrOfConversionFlag,master,SingleDiff-221\#ChannelRegularConversion,ClockPrescaler,Resolution,ScanConvMode,ContinuousConvMode,DiscontinuousConvMode,DMAContinuousRequests,EOCSelection,Overrun,BoostMode,ConversionDataManagement,LowPowerAutoWait,EnableRegularConversion,LeftBitShift,OversamplingMode,NbrOfConversion,ExternalTrigConv,ExternalTrigConvEdge,EnableInjectedConversion,EnableAnalogWatchDog1,EnableAnalogWatchDog2,EnableAnalogWatchDog3
ADC1.LeftBitShift=ADC_LEFTBITSHIFT_NONE
ADC1.LowPowerAutoWait=DISABLE
ADC1.NbrOfConversion=1
ADC1.NbrOfConversionFlag=1
ADC1.OffsetNumber-221\#ChannelRegularConversion=ADC_OFFSET_NONE
ADC1.Overrun=ADC_OVR_DATA_PRESERVED
ADC1.OversamplingMode=DISABLE
ADC1.Rank-221\#ChannelRegularConversion=1
ADC1.Resolution=ADC_RESOLUTION_16B
ADC1.SamplingTime-221\#ChannelRegularConversion=ADC_SAMPLETIME_1CYCLE_5
ADC1.ScanConvMode=ADC_SCAN_DISABLE
ADC1.SingleDiff-221\#ChannelRegularConversion=ADC_DIFFERENTIAL_ENDED
ADC1.master=1
ADC2.BoostMode=ENABLE
ADC2.Channel-0\#ChannelRegularConversion=ADC_CHANNEL_5
ADC2.ClockPrescaler=ADC_CLOCK_ASYNC_DIV12
ADC2.ContinuousConvMode=DISABLE
ADC2.ConversionDataManagement=ADC_CONVERSIONDATA_DR
ADC2.DMAContinuousRequests=DISABLE
ADC2.DiscontinuousConvMode=DISABLE
ADC2.EOCSelection=ADC_EOC_SINGLE_CONV
ADC2.EnableAnalogWatchDog1=false
ADC2.EnableAnalogWatchDog2=false
ADC2.EnableAnalogWatchDog3=false
ADC2.EnableInjectedConversion=DISABLE
ADC2.EnableRegularConversion=ENABLE
ADC2.ExternalTrigConv=ADC_SOFTWARE_START
ADC2.ExternalTrigConvEdge=ADC_EXTERNALTRIGCONVEDGE_NONE
ADC2.IPParameters=Rank-0\#ChannelRegularConversion,Channel-0\#ChannelRegularConversion,SamplingTime-0\#ChannelRegularConversion,OffsetNumber-0\#ChannelRegularConversion,NbrOfConversionFlag,SingleDiff-0\#ChannelRegularConversion,Resolution,ScanConvMode,ContinuousConvMode,DiscontinuousConvMode,DMAContinuousRequests,EOCSelection,Overrun,BoostMode,ConversionDataManagement,LowPowerAutoWait,EnableRegularConversion,LeftBitShift,OversamplingMode,NbrOfConversion,ExternalTrigConv,ExternalTrigConvEdge,EnableInjectedConversion,EnableAnalogWatchDog1,EnableAnalogWatchDog2,EnableAnalogWatchDog3,ClockPrescaler
ADC2.LeftBitShift=ADC_LEFTBITSHIFT_NONE
ADC2.LowPowerAutoWait=DISABLE
ADC2.NbrOfConversion=1
ADC2.NbrOfConversionFlag=1
ADC2.OffsetNumber-0\#ChannelRegularConversion=ADC_OFFSET_NONE
ADC2.Overrun=ADC_OVR_DATA_PRESERVED
ADC2.OversamplingMode=DISABLE
ADC2.Rank-0\#ChannelRegularConversion=1
ADC2.Resolution=ADC_RESOLUTION_16B
ADC2.SamplingTime-0\#ChannelRegularConversion=ADC_SAMPLETIME_1CYCLE_5
ADC2.ScanConvMode=ADC_SCAN_DISABLE
ADC2.SingleDiff-0\#ChannelRegularConversion=ADC_DIFFERENTIAL_ENDED
ADC3.BoostMode=ENABLE
ADC3.Channel-0\#ChannelRegularConversion=ADC_CHANNEL_1
ADC3.ContinuousConvMode=DISABLE
ADC3.ConversionDataManagement=ADC_CONVERSIONDATA_DR
ADC3.DMAContinuousRequests=DISABLE
ADC3.DiscontinuousConvMode=DISABLE
ADC3.EOCSelection=ADC_EOC_SINGLE_CONV
ADC3.EnableAnalogWatchDog1=false
ADC3.EnableAnalogWatchDog2=false
ADC3.EnableAnalogWatchDog3=false
ADC3.EnableInjectedConversion=DISABLE
ADC3.EnableRegularConversion=ENABLE
ADC3.ExternalTrigConv=ADC_SOFTWARE_START
ADC3.ExternalTrigConvEdge=ADC_EXTERNALTRIGCONVEDGE_NONE
ADC3.IPParameters=Rank-0\#ChannelRegularConversion,Channel-0\#ChannelRegularConversion,SamplingTime-0\#ChannelRegularConversion,OffsetNumber-0\#ChannelRegularConversion,NbrOfConversionFlag,SingleDiff-0\#ChannelRegularConversion,Resolution,ScanConvMode,ContinuousConvMode,DiscontinuousConvMode,DMAContinuousRequests,EOCSelection,Overrun,BoostMode,ConversionDataManagement,LowPowerAutoWait,EnableRegularConversion,LeftBitShift,OversamplingMode,NbrOfConversion,ExternalTrigConv,ExternalTrigConvEdge,EnableInjectedConversion,EnableAnalogWatchDog1,EnableAnalogWatchDog2,EnableAnalogWatchDog3
ADC3.LeftBitShift=ADC_LEFTBITSHIFT_NONE
ADC3.LowPowerAutoWait=DISABLE
ADC3.NbrOfConversion=1
ADC3.NbrOfConversionFlag=1
ADC3.OffsetNumber-0\#ChannelRegularConversion=ADC_OFFSET_NONE
ADC3.Overrun=ADC_OVR_DATA_PRESERVED
ADC3.OversamplingMode=DISABLE
ADC3.Rank-0\#ChannelRegularConversion=1
ADC3.Resolution=ADC_RESOLUTION_16B
ADC3.SamplingTime-0\#ChannelRegularConversion=ADC_SAMPLETIME_1CYCLE_5
ADC3.ScanConvMode=ADC_SCAN_DISABLE
ADC3.SingleDiff-0\#ChannelRegularConversion=ADC_DIFFERENTIAL_ENDED
CORTEX_M7.CPU_DCache=Enabled
CORTEX_M7.CPU_ICache=Enabled
CORTEX_M7.IPParameters=CPU_DCache,CPU_ICache
Dma.Request0=USART1_RX
Dma.Request1=USART1_TX
Dma.Request10=SPI2_RX
Dma.Request11=SPI2_TX
Dma.Request2=USART3_RX
Dma.Request3=USART3_TX
Dma.Request4=UART5_RX
Dma.Request5=UART5_TX
Dma.Request6=SPI4_RX
Dma.Request7=SPI4_TX
Dma.Request8=SPI1_RX
Dma.Request9=SPI1_TX
Dma.RequestsNb=12
Dma.SPI1_RX.8.Direction=DMA_PERIPH_TO_MEMORY
Dma.SPI1_RX.8.EventEnable=DISABLE
Dma.SPI1_RX.8.FIFOMode=DMA_FIFOMODE_DISABLE
Dma.SPI1_RX.8.Instance=DMA2_Stream0
Dma.SPI1_RX.8.MemDataAlignment=DMA_MDATAALIGN_BYTE
Dma.SPI1_RX.8.MemInc=DMA_MINC_ENABLE
Dma.SPI1_RX.8.Mode=DMA_NORMAL
Dma.SPI1_RX.8.PeriphDataAlignment=DMA_PDATAALIGN_BYTE
Dma.SPI1_RX.8.PeriphInc=DMA_PINC_DISABLE
Dma.SPI1_RX.8.Polarity=HAL_DMAMUX_REQ_GEN_RISING
Dma.SPI1_RX.8.Priority=DMA_PRIORITY_LOW
Dma.SPI1_RX.8.RequestNumber=1
Dma.SPI1_RX.8.RequestParameters=Instance,Direction,PeriphInc,MemInc,PeriphDataAlignment,MemDataAlignment,Mode,Priority,FIFOMode,SignalID,Polarity,RequestNumber,SyncSignalID,SyncPolarity,SyncEnable,EventEnable,SyncRequestNumber
Dma.SPI1_RX.8.SignalID=HAL_DMAMUX1_REQ_GEN_LPTIM1_OUT
Dma.SPI1_RX.8.SyncEnable=DISABLE
Dma.SPI1_RX.8.SyncPolarity=HAL_DMAMUX_SYNC_NO_EVENT
Dma.SPI1_RX.8.SyncRequestNumber=1
Dma.SPI1_RX.8.SyncSignalID=HAL_DMAMUX1_SYNC_LPTIM1_OUT
Dma.SPI1_TX.9.Direction=DMA_MEMORY_TO_PERIPH
Dma.SPI1_TX.9.EventEnable=DISABLE
Dma.SPI1_TX.9.FIFOMode=DMA_FIFOMODE_DISABLE
Dma.SPI1_TX.9.Instance=DMA2_Stream1
Dma.SPI1_TX.9.MemDataAlignment=DMA_MDATAALIGN_BYTE
Dma.SPI1_TX.9.MemInc=DMA_MINC_ENABLE
Dma.SPI1_TX.9.Mode=DMA_NORMAL
Dma.SPI1_TX.9.PeriphDataAlignment=DMA_PDATAALIGN_BYTE
Dma.SPI1_TX.9.PeriphInc=DMA_PINC_DISABLE
Dma.SPI1_TX.9.Polarity=HAL_DMAMUX_REQ_GEN_RISING
Dma.SPI1_TX.9.Priority=DMA_PRIORITY_LOW
Dma.SPI1_TX.9.RequestNumber=1
Dma.SPI1_TX.9.RequestParameters=Instance,Direction,PeriphInc,MemInc,PeriphDataAlignment,MemDataAlignment,Mode,Priority,FIFOMode,SignalID,Polarity,RequestNumber,SyncSignalID,SyncPolarity,SyncEnable,EventEnable,SyncRequestNumber
Dma.SPI1_TX.9.SignalID=HAL_DMAMUX1_REQ_GEN_LPTIM1_OUT
Dma.SPI1_TX.9.SyncEnable=DISABLE
Dma.SPI1_TX.9.SyncPolarity=HAL_DMAMUX_SYNC_NO_EVENT
Dma.SPI1_TX.9.SyncRequestNumber=1
Dma.SPI1_TX.9.SyncSignalID=HAL_DMAMUX1_SYNC_LPTIM1_OUT
Dma.SPI2_RX.10.Direction=DMA_PERIPH_TO_MEMORY
Dma.SPI2_RX.10.EventEnable=DISABLE
Dma.SPI2_RX.10.FIFOMode=DMA_FIFOMODE_DISABLE
Dma.SPI2_RX.10.Instance=DMA2_Stream2
Dma.SPI2_RX.10.MemDataAlignment=DMA_MDATAALIGN_BYTE
Dma.SPI2_RX.10.MemInc=DMA_MINC_ENABLE
Dma.SPI2_RX.10.Mode=DMA_NORMAL
Dma.SPI2_RX.10.PeriphDataAlignment=DMA_PDATAALIGN_BYTE
Dma.SPI2_RX.10.PeriphInc=DMA_PINC_DISABLE
Dma.SPI2_RX.10.Polarity=HAL_DMAMUX_REQ_GEN_RISING
Dma.SPI2_RX.10.Priority=DMA_PRIORITY_LOW
Dma.SPI2_RX.10.RequestNumber=1
Dma.SPI2_RX.10.RequestParameters=Instance,Direction,PeriphInc,MemInc,PeriphDataAlignment,MemDataAlignment,Mode,Priority,FIFOMode,SignalID,Polarity,RequestNumber,SyncSignalID,SyncPolarity,SyncEnable,EventEnable,SyncRequestNumber
Dma.SPI2_RX.10.SignalID=HAL_DMAMUX1_REQ_GEN_LPTIM1_OUT
Dma.SPI2_RX.10.SyncEnable=DISABLE
Dma.SPI2_RX.10.SyncPolarity=HAL_DMAMUX_SYNC_NO_EVENT
Dma.SPI2_RX.10.SyncRequestNumber=1
Dma.SPI2_RX.10.SyncSignalID=HAL_DMAMUX1_SYNC_LPTIM1_OUT
Dma.SPI2_TX.11.Direction=DMA_MEMORY_TO_PERIPH
Dma.SPI2_TX.11.EventEnable=DISABLE
Dma.SPI2_TX.11.FIFOMode=DMA_FIFOMODE_DISABLE
Dma.SPI2_TX.11.Instance=DMA2_Stream3
Dma.SPI2_TX.11.MemDataAlignment=DMA_MDATAALIGN_BYTE
Dma.SPI2_TX.11.MemInc=DMA_MINC_ENABLE
Dma.SPI2_TX.11.Mode=DMA_NORMAL
Dma.SPI2_TX.11.PeriphDataAlignment=DMA_PDATAALIGN_BYTE
Dma.SPI2_TX.11.PeriphInc=DMA_PINC_DISABLE
Dma.SPI2_TX.11.Polarity=HAL_DMAMUX_REQ_GEN_RISING
Dma.SPI2_TX.11.Priority=DMA_PRIORITY_LOW
Dma.SPI2_TX.11.RequestNumber=1
Dma.SPI2_TX.11.RequestParameters=Instance,Direction,PeriphInc,MemInc,PeriphDataAlignment,MemDataAlignment,Mode,Priority,FIFOMode,SignalID,Polarity,RequestNumber,SyncSignalID,SyncPolarity,SyncEnable,EventEnable,SyncRequestNumber
Dma.SPI2_TX.11.SignalID=HAL_DMAMUX1_REQ_GEN_LPTIM1_OUT
Dma.SPI2_TX.11.SyncEnable=DISABLE
Dma.SPI2_TX.11.SyncPolarity=HAL_DMAMUX_SYNC_NO_EVENT
Dma.SPI2_TX.11.SyncRequestNumber=1
Dma.SPI2_TX.11.SyncSignalID=HAL_DMAMUX1_SYNC_LPTIM1_OUT
Dma.SPI4_RX.6.Direction=DMA_PERIPH_TO_MEMORY
Dma.SPI4_RX.6.EventEnable=DISABLE
Dma.SPI4_RX.6.FIFOMode=DMA_FIFOMODE_DISABLE
Dma.SPI4_RX.6.Instance=DMA1_Stream6
Dma.SPI4_RX.6.MemDataAlignment=DMA_MDATAALIGN_HALFWORD
Dma.SPI4_RX.6.MemInc=DMA_MINC_ENABLE
Dma.SPI4_RX.6.Mode=DMA_NORMAL
Dma.SPI4_RX.6.PeriphDataAlignment=DMA_PDATAALIGN_HALFWORD
Dma.SPI4_RX.6.PeriphInc=DMA_PINC_DISABLE
Dma.SPI4_RX.6.Polarity=HAL_DMAMUX_REQ_GEN_RISING
Dma.SPI4_RX.6.Priority=DMA_PRIORITY_LOW
Dma.SPI4_RX.6.RequestNumber=1
Dma.SPI4_RX.6.RequestParameters=Instance,Direction,PeriphInc,MemInc,PeriphDataAlignment,MemDataAlignment,Mode,Priority,FIFOMode,SignalID,Polarity,RequestNumber,SyncSignalID,SyncPolarity,SyncEnable,EventEnable,SyncRequestNumber
Dma.SPI4_RX.6.SignalID=HAL_DMAMUX1_REQ_GEN_LPTIM1_OUT
Dma.SPI4_RX.6.SyncEnable=DISABLE
Dma.SPI4_RX.6.SyncPolarity=HAL_DMAMUX_SYNC_NO_EVENT
Dma.SPI4_RX.6.SyncRequestNumber=1
Dma.SPI4_RX.6.SyncSignalID=HAL_DMAMUX1_SYNC_LPTIM1_OUT
Dma.SPI4_TX.7.Direction=DMA_MEMORY_TO_PERIPH
Dma.SPI4_TX.7.EventEnable=DISABLE
Dma.SPI4_TX.7.FIFOMode=DMA_FIFOMODE_DISABLE
Dma.SPI4_TX.7.Instance=DMA1_Stream7
Dma.SPI4_TX.7.MemDataAlignment=DMA_MDATAALIGN_HALFWORD
Dma.SPI4_TX.7.MemInc=DMA_MINC_ENABLE
Dma.SPI4_TX.7.Mode=DMA_NORMAL
Dma.SPI4_TX.7.PeriphDataAlignment=DMA_PDATAALIGN_HALFWORD
Dma.SPI4_TX.7.PeriphInc=DMA_PINC_DISABLE
Dma.SPI4_TX.7.Polarity=HAL_DMAMUX_REQ_GEN_RISING
Dma.SPI4_TX.7.Priority=DMA_PRIORITY_LOW
Dma.SPI4_TX.7.RequestNumber=1
Dma.SPI4_TX.7.RequestParameters=Instance,Direction,PeriphInc,MemInc,PeriphDataAlignment,MemDataAlignment,Mode,Priority,FIFOMode,SignalID,Polarity,RequestNumber,SyncSignalID,SyncPolarity,SyncEnable,EventEnable,SyncRequestNumber
Dma.SPI4_TX.7.SignalID=HAL_DMAMUX1_REQ_GEN_LPTIM1_OUT
Dma.SPI4_TX.7.SyncEnable=DISABLE
Dma.SPI4_TX.7.SyncPolarity=HAL_DMAMUX_SYNC_NO_EVENT
Dma.SPI4_TX.7.SyncRequestNumber=1
Dma.SPI4_TX.7.SyncSignalID=HAL_DMAMUX1_SYNC_LPTIM1_OUT
Dma.UART5_RX.4.Direction=DMA_PERIPH_TO_MEMORY
Dma.UART5_RX.4.EventEnable=DISABLE
Dma.UART5_RX.4.FIFOMode=DMA_FIFOMODE_DISABLE
Dma.UART5_RX.4.Instance=DMA1_Stream4
Dma.UART5_RX.4.MemDataAlignment=DMA_MDATAALIGN_BYTE
Dma.UART5_RX.4.MemInc=DMA_MINC_ENABLE
Dma.UART5_RX.4.Mode=DMA_NORMAL
Dma.UART5_RX.4.PeriphDataAlignment=DMA_PDATAALIGN_BYTE
Dma.UART5_RX.4.PeriphInc=DMA_PINC_DISABLE
Dma.UART5_RX.4.Polarity=HAL_DMAMUX_REQ_GEN_RISING
Dma.UART5_RX.4.Priority=DMA_PRIORITY_LOW
Dma.UART5_RX.4.RequestNumber=1
Dma.UART5_RX.4.RequestParameters=Instance,Direction,PeriphInc,MemInc,PeriphDataAlignment,MemDataAlignment,Mode,Priority,FIFOMode,SignalID,Polarity,RequestNumber,SyncSignalID,SyncPolarity,SyncEnable,EventEnable,SyncRequestNumber
Dma.UART5_RX.4.SignalID=HAL_DMAMUX1_REQ_GEN_LPTIM1_OUT
Dma.UART5_RX.4.SyncEnable=DISABLE
Dma.UART5_RX.4.SyncPolarity=HAL_DMAMUX_SYNC_NO_EVENT
Dma.UART5_RX.4.SyncRequestNumber=1
Dma.UART5_RX.4.SyncSignalID=HAL_DMAMUX1_SYNC_LPTIM1_OUT
Dma.UART5_TX.5.Direction=DMA_MEMORY_TO_PERIPH
Dma.UART5_TX.5.EventEnable=DISABLE
Dma.UART5_TX.5.FIFOMode=DMA_FIFOMODE_DISABLE
Dma.UART5_TX.5.Instance=DMA1_Stream5
Dma.UART5_TX.5.MemDataAlignment=DMA_MDATAALIGN_BYTE
Dma.UART5_TX.5.MemInc=DMA_MINC_ENABLE
Dma.UART5_TX.5.Mode=DMA_NORMAL
Dma.UART5_TX.5.PeriphDataAlignment=DMA_PDATAALIGN_BYTE
Dma.UART5_TX.5.PeriphInc=DMA_PINC_DISABLE
Dma.UART5_TX.5.Polarity=HAL_DMAMUX_REQ_GEN_RISING
Dma.UART5_TX.5.Priority=DMA_PRIORITY_LOW
Dma.UART5_TX.5.RequestNumber=1
Dma.UART5_TX.5.RequestParameters=Instance,Direction,PeriphInc,MemInc,PeriphDataAlignment,MemDataAlignment,Mode,Priority,FIFOMode,SignalID,Polarity,RequestNumber,SyncSignalID,SyncPolarity,SyncEnable,EventEnable,SyncRequestNumber
Dma.UART5_TX.5.SignalID=HAL_DMAMUX1_REQ_GEN_LPTIM1_OUT
Dma.UART5_TX.5.SyncEnable=DISABLE
Dma.UART5_TX.5.SyncPolarity=HAL_DMAMUX_SYNC_NO_EVENT
Dma.UART5_TX.5.SyncRequestNumber=1
Dma.UART5_TX.5.SyncSignalID=HAL_DMAMUX1_SYNC_LPTIM1_OUT
Dma.USART1_RX.0.Direction=DMA_PERIPH_TO_MEMORY
Dma.USART1_RX.0.EventEnable=DISABLE
Dma.USART1_RX.0.FIFOMode=DMA_FIFOMODE_DISABLE
Dma.USART1_RX.0.Instance=DMA1_Stream0
Dma.USART1_RX.0.MemDataAlignment=DMA_MDATAALIGN_BYTE
Dma.USART1_RX.0.MemInc=DMA_MINC_ENABLE
Dma.USART1_RX.0.Mode=DMA_NORMAL
Dma.USART1_RX.0.PeriphDataAlignment=DMA_PDATAALIGN_BYTE
Dma.USART1_RX.0.PeriphInc=DMA_PINC_DISABLE
Dma.USART1_RX.0.Polarity=HAL_DMAMUX_REQ_GEN_RISING
Dma.USART1_RX.0.Priority=DMA_PRIORITY_LOW
Dma.USART1_RX.0.RequestNumber=1
Dma.USART1_RX.0.RequestParameters=Instance,Direction,PeriphInc,MemInc,PeriphDataAlignment,MemDataAlignment,Mode,Priority,FIFOMode,SignalID,Polarity,RequestNumber,SyncSignalID,SyncPolarity,SyncEnable,EventEnable,SyncRequestNumber
Dma.USART1_RX.0.SignalID=HAL_DMAMUX1_REQ_GEN_LPTIM1_OUT
Dma.USART1_RX.0.SyncEnable=DISABLE
Dma.USART1_RX.0.SyncPolarity=HAL_DMAMUX_SYNC_NO_EVENT
Dma.USART1_RX.0.SyncRequestNumber=1
Dma.USART1_RX.0.SyncSignalID=HAL_DMAMUX1_SYNC_LPTIM1_OUT
Dma.USART1_TX.1.Direction=DMA_MEMORY_TO_PERIPH
Dma.USART1_TX.1.EventEnable=DISABLE
Dma.USART1_TX.1.FIFOMode=DMA_FIFOMODE_DISABLE
Dma.USART1_TX.1.Instance=DMA1_Stream1
Dma.USART1_TX.1.MemDataAlignment=DMA_MDATAALIGN_BYTE
Dma.USART1_TX.1.MemInc=DMA_MINC_ENABLE
Dma.USART1_TX.1.Mode=DMA_NORMAL
Dma.USART1_TX.1.PeriphDataAlignment=DMA_PDATAALIGN_BYTE
Dma.USART1_TX.1.PeriphInc=DMA_PINC_DISABLE
Dma.USART1_TX.1.Polarity=HAL_DMAMUX_REQ_GEN_RISING
Dma.USART1_TX.1.Priority=DMA_PRIORITY_LOW
Dma.USART1_TX.1.RequestNumber=1
Dma.USART1_TX.1.RequestParameters=Instance,Direction,PeriphInc,MemInc,PeriphDataAlignment,MemDataAlignment,Mode,Priority,FIFOMode,SignalID,Polarity,RequestNumber,SyncSignalID,SyncPolarity,SyncEnable,EventEnable,SyncRequestNumber
Dma.USART1_TX.1.SignalID=HAL_DMAMUX1_REQ_GEN_LPTIM1_OUT
Dma.USART1_TX.1.SyncEnable=DISABLE
Dma.USART1_TX.1.SyncPolarity=HAL_DMAMUX_SYNC_NO_EVENT
Dma.USART1_TX.1.SyncRequestNumber=1
Dma.USART1_TX.1.SyncSignalID=HAL_DMAMUX1_SYNC_LPTIM1_OUT
Dma.USART3_RX.2.Direction=DMA_PERIPH_TO_MEMORY
Dma.USART3_RX.2.EventEnable=DISABLE
Dma.USART3_RX.2.FIFOMode=DMA_FIFOMODE_DISABLE
Dma.USART3_RX.2.Instance=DMA1_Stream2
Dma.USART3_RX.2.MemDataAlignment=DMA_MDATAALIGN_BYTE
Dma.USART3_RX.2.MemInc=DMA_MINC_ENABLE
Dma.USART3_RX.2.Mode=DMA_NORMAL
Dma.USART3_RX.2.PeriphDataAlignment=DMA_PDATAALIGN_BYTE
Dma.USART3_RX.2.PeriphInc=DMA_PINC_DISABLE
Dma.USART3_RX.2.Polarity=HAL_DMAMUX_REQ_GEN_RISING
Dma.USART3_RX.2.Priority=DMA_PRIORITY_LOW
Dma.USART3_RX.2.RequestNumber=1
Dma.USART3_RX.2.RequestParameters=Instance,Direction,PeriphInc,MemInc,PeriphDataAlignment,MemDataAlignment,Mode,Priority,FIFOMode,SignalID,Polarity,RequestNumber,SyncSignalID,SyncPolarity,SyncEnable,EventEnable,SyncRequestNumber
Dma.USART3_RX.2.SignalID=HAL_DMAMUX1_REQ_GEN_LPTIM1_OUT
Dma.USART3_RX.2.SyncEnable=DISABLE
Dma.USART3_RX.2.SyncPolarity=HAL_DMAMUX_SYNC_NO_EVENT
Dma.USART3_RX.2.SyncRequestNumber=1
Dma.USART3_RX.2.SyncSignalID=HAL_DMAMUX1_SYNC_LPTIM1_OUT
Dma.USART3_TX.3.Direction=DMA_MEMORY_TO_PERIPH
Dma.USART3_TX.3.EventEnable=DISABLE
Dma.USART3_TX.3.FIFOMode=DMA_FIFOMODE_DISABLE
Dma.USART3_TX.3.Instance=DMA1_Stream3
Dma.USART3_TX.3.MemDataAlignment=DMA_MDATAALIGN_BYTE
Dma.USART3_TX.3.MemInc=DMA_MINC_ENABLE
Dma.USART3_TX.3.Mode=DMA_NORMAL
Dma.USART3_TX.3.PeriphDataAlignment=DMA_PDATAALIGN_BYTE
Dma.USART3_TX.3.PeriphInc=DMA_PINC_DISABLE
Dma.USART3_TX.3.Polarity=HAL_DMAMUX_REQ_GEN_RISING
Dma.USART3_TX.3.Priority=DMA_PRIORITY_LOW
Dma.USART3_TX.3.RequestNumber=1
Dma.USART3_TX.3.RequestParameters=Instance,Direction,PeriphInc,MemInc,PeriphDataAlignment,MemDataAlignment,Mode,Priority,FIFOMode,SignalID,Polarity,RequestNumber,SyncSignalID,SyncPolarity,SyncEnable,EventEnable,SyncRequestNumber
Dma.USART3_TX.3.SignalID=HAL_DMAMUX1_REQ_GEN_LPTIM1_OUT
Dma.USART3_TX.3.SyncEnable=DISABLE
Dma.USART3_TX.3.SyncPolarity=HAL_DMAMUX_SYNC_NO_EVENT
Dma.USART3_TX.3.SyncRequestNumber=1
Dma.USART3_TX.3.SyncSignalID=HAL_DMAMUX1_SYNC_LPTIM1_OUT
ETH.IPParameters=MediaInterface
ETH.MediaInterface=HAL_ETH_RMII_MODE
FATFS.IPParameters=_CODE_PAGE,_USE_LFN,_VOLUMES,_MAX_SS,_FS_EXFAT
FATFS._CODE_PAGE=936
FATFS._FS_EXFAT=1
FATFS._MAX_SS=2048
FATFS._USE_LFN=2
FATFS._VOLUMES=8
FMC.IPParameters=WriteOperation1,WaitSignalPolarity1
FMC.WaitSignalPolarity1=FMC_WAIT_SIGNAL_POLARITY_HIGH
FMC.WriteOperation1=FMC_WRITE_OPERATION_ENABLE
FREERTOS.BinarySemaphores01=LED_Sem,Dynamic,NULL;ETH_Sem,Dynamic,NULL;SD_Sem,Dynamic,NULL;Uart_Sem,Dynamic,NULL;LCD_Sem,Dynamic,NULL;CAN_Sem,Dynamic,NULL;AD1_Task,Dynamic,NULL;AD2_Task,Dynamic,NULL;AD3_Task,Dynamic,NULL;ADC1_Sem,Dynamic,NULL;ADC2_Sem,Dynamic,NULL;DAC_Sem,Dynamic,NULL
FREERTOS.FootprintOK=true
FREERTOS.IPParameters=Tasks01,FootprintOK,configMAX_PRIORITIES,configTOTAL_HEAP_SIZE,Mutexes01,BinarySemaphores01,Queues01
FREERTOS.Mutexes01=SDRAM_Mutex,Dynamic,NULL;FLASH_Mutex,Dynamic,NULL
FREERTOS.Queues01=LCD_Queue,1024,uint16_t,0,Dynamic,NULL,NULL;FLASH_Queue,1024,uint16_t,0,Dynamic,NULL,NULL
FREERTOS.Tasks01=defaultTask,0,512,StartDefaultTask,Default,NULL,Dynamic,NULL,NULL;SD_Task,0,1024,SDWR_Task,Default,NULL,Dynamic,NULL,NULL;ETH_Task,-1,1024,COMETH_Task,Default,NULL,Dynamic,NULL,NULL;USB_Task,0,1024,COMUSB_Task,Default,NULL,Dynamic,NULL,NULL;UART_Task,1,1024,UART_Task_Func,Default,NULL,Dynamic,NULL,NULL;LCD_Task,1,2048,LCDDispaly_Task,Default,NULL,Dynamic,NULL,NULL;Watchdog_Task,-2,128,LED_Watch_Task,Default,NULL,Dynamic,NULL,NULL;IOExternal_Task,0,256,IOCON_Task_Func,Default,NULL,Dynamic,NULL,NULL;CAN_Task,0,512,CAN_Task_Func,Default,NULL,Dynamic,NULL,NULL;Debug_Task,0,256,Debug_Task_Func,Default,NULL,Dynamic,NULL,NULL;Flash_Task,1,2048,Flash_Task_Func,Default,NULL,Dynamic,NULL,NULL;AD_Task,2,4096,AD_Task_Func,Default,NULL,Dynamic,NULL,NULL;ADC_Task,1,2048,ADC_Inside_Task,Default,NULL,Dynamic,NULL,NULL;DAC_Task,1,1024,DAC_OUT_Task,Default,NULL,Dynamic,NULL,NULL;LCD_TTL_Task,-3,512,LCD_UART_Task,Default,NULL,Dynamic,NULL,NULL
FREERTOS.configMAX_PRIORITIES=10
FREERTOS.configTOTAL_HEAP_SIZE=80360
File.Version=6
IWDG1.IPParameters=Prescaler
IWDG1.Prescaler=IWDG_PRESCALER_256
KeepUserPlacement=false
LWIP.BSP.number=1
LWIP.Version=v2.0.3_Cube
LWIP0.BSP.STBoard=false
LWIP0.BSP.api=BSP_COMPONENT_DRIVER
LWIP0.BSP.component=LAN8742
LWIP0.BSP.condition=
LWIP0.BSP.i2caddr=
LWIP0.BSP.i2creg=
LWIP0.BSP.instance=LAN8742
LWIP0.BSP.ip=
LWIP0.BSP.mode=
LWIP0.BSP.name=Driver_PHY
LWIP0.BSP.solution=LAN8742
Mcu.Family=STM32H7
Mcu.IP0=ADC1
Mcu.IP1=ADC2
Mcu.IP10=FATFS
Mcu.IP11=FDCAN1
Mcu.IP12=FMC
Mcu.IP13=FREERTOS
Mcu.IP14=HASH
Mcu.IP15=IWDG1
Mcu.IP16=JPEG
Mcu.IP17=LIBJPEG
Mcu.IP18=LPTIM1
Mcu.IP19=LPTIM2
Mcu.IP2=ADC3
Mcu.IP20=LPTIM3
Mcu.IP21=LPTIM4
Mcu.IP22=LPTIM5
Mcu.IP23=LTDC
Mcu.IP24=LWIP
Mcu.IP25=MBEDTLS
Mcu.IP26=NVIC
Mcu.IP27=PDM2PCM
Mcu.IP28=QUADSPI
Mcu.IP29=RCC
Mcu.IP3=CORTEX_M7
Mcu.IP30=RNG
Mcu.IP31=SAI1
Mcu.IP32=SDMMC1
Mcu.IP33=SPI1
Mcu.IP34=SPI2
Mcu.IP35=SPI3
Mcu.IP36=SPI4
Mcu.IP37=SYS
Mcu.IP38=TIM1
Mcu.IP39=TIM2
Mcu.IP4=CRC
Mcu.IP40=TIM3
Mcu.IP41=TIM4
Mcu.IP42=TIM5
Mcu.IP43=TIM7
Mcu.IP44=TIM8
Mcu.IP45=TIM12
Mcu.IP46=TIM13
Mcu.IP47=TIM14
Mcu.IP48=TIM15
Mcu.IP49=TIM16
Mcu.IP5=CRYP
Mcu.IP50=TIM17
Mcu.IP51=UART5
Mcu.IP52=USART1
Mcu.IP53=USART3
Mcu.IP54=USB_HOST
Mcu.IP55=USB_OTG_FS
Mcu.IP56=WWDG1
Mcu.IP6=DAC1
Mcu.IP7=DMA
Mcu.IP8=DMA2D
Mcu.IP9=ETH
Mcu.IPNb=57
Mcu.Name=STM32H753IITx
Mcu.Package=LQFP176
Mcu.Pin0=PE2
Mcu.Pin1=PE3
Mcu.Pin10=PI10
Mcu.Pin100=PH13
Mcu.Pin101=PH14
Mcu.Pin102=PH15
Mcu.Pin103=PI0
Mcu.Pin104=PI1
Mcu.Pin105=PI2
Mcu.Pin106=PI3
Mcu.Pin107=PA14
Mcu.Pin108=PA15
Mcu.Pin109=PC10
Mcu.Pin11=PI11
Mcu.Pin110=PC11
Mcu.Pin111=PC12
Mcu.Pin112=PD0
Mcu.Pin113=PD1
Mcu.Pin114=PD2
Mcu.Pin115=PD3
Mcu.Pin116=PD4
Mcu.Pin117=PD5
Mcu.Pin118=PD6
Mcu.Pin119=PD7
Mcu.Pin12=PF0
Mcu.Pin120=PG9
Mcu.Pin121=PG10
Mcu.Pin122=PG11
Mcu.Pin123=PG12
Mcu.Pin124=PG13
Mcu.Pin125=PG14
Mcu.Pin126=PG15
Mcu.Pin127=PB3
Mcu.Pin128=PB4
Mcu.Pin129=PB5
Mcu.Pin13=PF1
Mcu.Pin130=PB6
Mcu.Pin131=PB7
Mcu.Pin132=PB8
Mcu.Pin133=PB9
Mcu.Pin134=PE0
Mcu.Pin135=PE1
Mcu.Pin136=PI4
Mcu.Pin137=PI5
Mcu.Pin138=PI6
Mcu.Pin139=PI7
Mcu.Pin14=PF2
Mcu.Pin140=VP_CRC_VS_CRC
Mcu.Pin141=VP_CRYP_VS_CRYP
Mcu.Pin142=VP_DMA2D_VS_DMA2D
Mcu.Pin143=VP_FATFS_VS_SDIO
Mcu.Pin144=VP_FATFS_VS_FMC_SDRAM
Mcu.Pin145=VP_FATFS_VS_SRAM
Mcu.Pin146=VP_FATFS_VS_USB
Mcu.Pin147=VP_FATFS_VS_Generic
Mcu.Pin148=VP_FREERTOS_VS_ENABLE
Mcu.Pin149=VP_HASH_VS_HASH
Mcu.Pin15=PF3
Mcu.Pin150=VP_IWDG1_VS_IWDG
Mcu.Pin151=VP_JPEG_VS_JPEG
Mcu.Pin152=VP_LIBJPEG_VS_JPEGLIB
Mcu.Pin153=VP_LPTIM1_VS_LPTIM_counterModeInternalClock
Mcu.Pin154=VP_LPTIM2_VS_LPTIM_counterModeInternalClock
Mcu.Pin155=VP_LPTIM3_VS_LPTIM_counterModeInternalClock
Mcu.Pin156=VP_LPTIM4_VS_LPTIM_counterModeInternalClock
Mcu.Pin157=VP_LPTIM5_VS_LPTIM_counterModeInternalClock
Mcu.Pin158=VP_LWIP_VS_Enabled
Mcu.Pin159=VP_MBEDTLS_VS_MBEDTLS
Mcu.Pin16=PF4
Mcu.Pin160=VP_PDM2PCM_VS_PDM2PCM
Mcu.Pin161=VP_RNG_VS_RNG
Mcu.Pin162=VP_SAI1_VP_$IpInstance_SAIA_SAI_CK
Mcu.Pin163=VP_SYS_VS_tim6
Mcu.Pin164=VP_TIM1_VS_ClockSourceINT
Mcu.Pin165=VP_TIM2_VS_ClockSourceINT
Mcu.Pin166=VP_TIM3_VS_ClockSourceINT
Mcu.Pin167=VP_TIM4_VS_ClockSourceINT
Mcu.Pin168=VP_TIM5_VS_ClockSourceINT
Mcu.Pin169=VP_TIM7_VS_ClockSourceINT
Mcu.Pin17=PF5
Mcu.Pin170=VP_TIM8_VS_ClockSourceINT
Mcu.Pin171=VP_TIM12_VS_ClockSourceINT
Mcu.Pin172=VP_TIM13_VS_ClockSourceINT
Mcu.Pin173=VP_TIM14_VS_ClockSourceINT
Mcu.Pin174=VP_TIM15_VS_ClockSourceINT
Mcu.Pin175=VP_TIM16_VS_ClockSourceINT
Mcu.Pin176=VP_TIM17_VS_ClockSourceINT
Mcu.Pin177=VP_USB_HOST_VS_USB_HOST_ALL_CLASS_FS
Mcu.Pin178=VP_WWDG1_VS_WWDG
Mcu.Pin18=PF6
Mcu.Pin19=PF7
Mcu.Pin2=PE4
Mcu.Pin20=PF8
Mcu.Pin21=PF9
Mcu.Pin22=PF10
Mcu.Pin23=PH0-OSC_IN
Mcu.Pin24=PH1-OSC_OUT
Mcu.Pin25=PC0
Mcu.Pin26=PC1
Mcu.Pin27=PC2_C
Mcu.Pin28=PC3_C
Mcu.Pin29=PA0-WKUP
Mcu.Pin3=PE5
Mcu.Pin30=PA1
Mcu.Pin31=PA2
Mcu.Pin32=PH2
Mcu.Pin33=PH3
Mcu.Pin34=PH4
Mcu.Pin35=PH5
Mcu.Pin36=PA3
Mcu.Pin37=PA4
Mcu.Pin38=PA5
Mcu.Pin39=PA6
Mcu.Pin4=PE6
Mcu.Pin40=PA7
Mcu.Pin41=PC4
Mcu.Pin42=PC5
Mcu.Pin43=PB0
Mcu.Pin44=PB1
Mcu.Pin45=PB2
Mcu.Pin46=PF11
Mcu.Pin47=PF12
Mcu.Pin48=PF13
Mcu.Pin49=PF14
Mcu.Pin5=PI8
Mcu.Pin50=PF15
Mcu.Pin51=PG0
Mcu.Pin52=PG1
Mcu.Pin53=PE7
Mcu.Pin54=PE8
Mcu.Pin55=PE9
Mcu.Pin56=PE10
Mcu.Pin57=PE11
Mcu.Pin58=PE12
Mcu.Pin59=PE13
Mcu.Pin6=PC13
Mcu.Pin60=PE14
Mcu.Pin61=PE15
Mcu.Pin62=PB10
Mcu.Pin63=PB11
Mcu.Pin64=PH6
Mcu.Pin65=PH7
Mcu.Pin66=PH8
Mcu.Pin67=PH9
Mcu.Pin68=PH10
Mcu.Pin69=PH11
Mcu.Pin7=PC14-OSC32_IN
Mcu.Pin70=PH12
Mcu.Pin71=PB12
Mcu.Pin72=PB13
Mcu.Pin73=PB14
Mcu.Pin74=PB15
Mcu.Pin75=PD8
Mcu.Pin76=PD9
Mcu.Pin77=PD10
Mcu.Pin78=PD11
Mcu.Pin79=PD12
Mcu.Pin8=PC15-OSC32_OUT
Mcu.Pin80=PD13
Mcu.Pin81=PD14
Mcu.Pin82=PD15
Mcu.Pin83=PG2
Mcu.Pin84=PG3
Mcu.Pin85=PG4
Mcu.Pin86=PG5
Mcu.Pin87=PG6
Mcu.Pin88=PG7
Mcu.Pin89=PG8
Mcu.Pin9=PI9
Mcu.Pin90=PC6
Mcu.Pin91=PC7
Mcu.Pin92=PC8
Mcu.Pin93=PC9
Mcu.Pin94=PA8
Mcu.Pin95=PA9
Mcu.Pin96=PA10
Mcu.Pin97=PA11
Mcu.Pin98=PA12
Mcu.Pin99=PA13
Mcu.PinsNb=179
Mcu.ThirdPartyNb=0
Mcu.UserConstants=
Mcu.UserName=STM32H753IITx
MxCube.Version=4.27.0
MxDb.Version=DB.4.0.270
NVIC.BusFault_IRQn=true\:0\:0\:false\:false\:true\:false\:false
NVIC.DMA1_Stream0_IRQn=true\:5\:0\:false\:false\:true\:true\:false
NVIC.DMA1_Stream1_IRQn=true\:5\:0\:false\:false\:true\:true\:false
NVIC.DMA1_Stream2_IRQn=true\:5\:0\:false\:false\:true\:true\:false
NVIC.DMA1_Stream3_IRQn=true\:5\:0\:false\:false\:true\:true\:false
NVIC.DMA1_Stream4_IRQn=true\:5\:0\:false\:false\:true\:true\:false
NVIC.DMA1_Stream5_IRQn=true\:5\:0\:false\:false\:true\:true\:false
NVIC.DMA1_Stream6_IRQn=true\:5\:0\:false\:false\:true\:true\:false
NVIC.DMA1_Stream7_IRQn=true\:5\:0\:false\:false\:true\:true\:false
NVIC.DMA2_Stream0_IRQn=true\:5\:0\:false\:false\:true\:true\:false
NVIC.DMA2_Stream1_IRQn=true\:5\:0\:false\:false\:true\:true\:false
NVIC.DMA2_Stream2_IRQn=true\:5\:0\:false\:false\:true\:true\:false
NVIC.DMA2_Stream3_IRQn=true\:5\:0\:false\:false\:true\:true\:false
NVIC.DebugMonitor_IRQn=true\:0\:0\:false\:false\:true\:false\:false
NVIC.ETH_IRQn=true\:5\:0\:false\:false\:true\:true\:true
NVIC.FMC_IRQn=true\:5\:0\:false\:false\:true\:true\:true
NVIC.HardFault_IRQn=true\:0\:0\:false\:false\:true\:false\:false
NVIC.MemoryManagement_IRQn=true\:0\:0\:false\:false\:true\:false\:false
NVIC.NonMaskableInt_IRQn=true\:0\:0\:false\:false\:true\:false\:false
NVIC.OTG_FS_EP1_IN_IRQn=true\:5\:0\:false\:false\:true\:true\:true
NVIC.OTG_FS_EP1_OUT_IRQn=true\:5\:0\:false\:false\:true\:true\:true
NVIC.OTG_FS_IRQn=true\:5\:0\:false\:false\:true\:true\:false
NVIC.PendSV_IRQn=true\:15\:0\:false\:false\:false\:true\:false
NVIC.PriorityGroup=NVIC_PRIORITYGROUP_4
NVIC.SDMMC1_IRQn=true\:5\:0\:false\:false\:true\:true\:true
NVIC.SPI1_IRQn=true\:5\:0\:false\:false\:true\:true\:true
NVIC.SPI2_IRQn=true\:5\:0\:false\:false\:true\:true\:true
NVIC.SPI4_IRQn=true\:5\:0\:false\:false\:true\:true\:true
NVIC.SVCall_IRQn=true\:0\:0\:false\:false\:false\:false\:false
NVIC.SysTick_IRQn=true\:15\:0\:false\:false\:true\:true\:false
NVIC.TIM6_DAC_IRQn=true\:0\:0\:false\:false\:true\:false\:false
NVIC.TimeBase=TIM6_DAC_IRQn
NVIC.TimeBaseIP=TIM6
NVIC.UART5_IRQn=true\:5\:0\:false\:false\:true\:true\:true
NVIC.USART1_IRQn=true\:5\:0\:false\:false\:true\:true\:true
NVIC.USART3_IRQn=true\:5\:0\:false\:false\:true\:true\:true
NVIC.UsageFault_IRQn=true\:0\:0\:false\:false\:true\:false\:false
NVIC.WWDG_IRQn=true\:5\:0\:false\:false\:true\:true\:true
PA0-WKUP.Mode=SYS_WakeUp0
PA0-WKUP.Signal=SYS_WKUP0
PA1.Mode=RMII
PA1.Signal=ETH_REF_CLK
PA10.Mode=RGB565
PA10.Signal=LTDC_B4
PA11.Mode=Host_Only
PA11.Signal=USB_OTG_FS_DM
PA12.Mode=Host_Only
PA12.Signal=USB_OTG_FS_DP
PA13.Mode=Serial_Wire
PA13.Signal=SYS_JTMS-SWDIO
PA14.Mode=Serial_Wire
PA14.Signal=SYS_JTCK-SWCLK
PA15.Locked=true
PA15.Signal=GPIO_Output
PA2.Mode=RMII
PA2.Signal=ETH_MDIO
PA3.Mode=RGB565
PA3.Signal=LTDC_B5
PA4.Signal=COMP_DAC11_group
PA5.Mode=Full_Duplex_Master
PA5.Signal=SPI1_SCK
PA6.Mode=Full_Duplex_Master
PA6.Signal=SPI1_MISO
PA7.Mode=RMII
PA7.Signal=ETH_CRS_DV
PA8.Mode=RGB565
PA8.Signal=LTDC_B3
PA9.Mode=Asynchronous
PA9.Signal=USART1_TX
PB0.Signal=ADCx_INN5
PB1.Signal=ADCx_INP5
PB10.Mode=Asynchronous
PB10.Signal=USART3_TX
PB11.Mode=Asynchronous
PB11.Signal=USART3_RX
PB12.Mode=Asynchronous
PB12.Signal=UART5_RX
PB13.Mode=Asynchronous
PB13.Signal=UART5_TX
PB14.Mode=Full_Duplex_Master
PB14.Signal=SPI2_MISO
PB15.Mode=Asynchronous
PB15.Signal=USART1_RX
PB2.Mode=Single Bank 1
PB2.Signal=QUADSPI_CLK
PB3.Mode=Full_Duplex_Master
PB3.Signal=SPI3_SCK
PB4.Mode=Full_Duplex_Master
PB4.Signal=SPI3_MISO
PB5.Locked=true
PB5.Signal=GPIO_Output
PB6.Mode=Single Bank 1
PB6.Signal=QUADSPI_BK1_NCS
PB7.Locked=true
PB7.Signal=GPIO_Output
PB8.Mode=FDCANFD
PB8.Signal=FDCAN1_RX
PB9.Mode=FDCANFD
PB9.Signal=FDCAN1_TX
PC0.Mode=RGB565
PC0.Signal=LTDC_R5
PC1.Mode=RMII
PC1.Signal=ETH_MDC
PC10.Mode=SD_4_bits_Wide_bus
PC10.Signal=SDMMC1_D2
PC11.Mode=SD_4_bits_Wide_bus
PC11.Signal=SDMMC1_D3
PC12.Mode=SD_4_bits_Wide_bus
PC12.Signal=SDMMC1_CK
PC13.Locked=true
PC13.Signal=GPXTI13
PC14-OSC32_IN.Locked=true
PC14-OSC32_IN.Signal=GPIO_Output
PC15-OSC32_OUT.Locked=true
PC15-OSC32_OUT.Signal=GPIO_Output
PC2_C.Mode=IN1-Differential
PC2_C.Signal=ADC3_INN1
PC3_C.Mode=IN1-Differential
PC3_C.Signal=ADC3_INP1
PC4.Mode=RMII
PC4.Signal=ETH_RXD0
PC5.Mode=RMII
PC5.Signal=ETH_RXD1
PC6.Signal=FMC_NWAIT
PC7.Mode=NorPsramChipSelect1_1
PC7.Signal=FMC_NE1
PC8.Mode=SD_4_bits_Wide_bus
PC8.Signal=SDMMC1_D0
PC9.Mode=SD_4_bits_Wide_bus
PC9.Signal=SDMMC1_D1
PCC.Checker=false
PCC.Line=STM32H743/753
PCC.MCU=STM32H753IITx
PCC.PartNumber=STM32H753IITx
PCC.Seq0=0
PCC.Series=STM32H7
PCC.Temperature=25
PCC.Vdd=3.0
PD0.Signal=FMC_D2_DA2
PD1.Signal=FMC_D3_DA3
PD10.Signal=FMC_D15_DA15
PD11.Signal=FMC_A16_CLE
PD12.Signal=FMC_A17_ALE
PD13.Signal=FMC_A18
PD14.Signal=FMC_D0_DA0
PD15.Signal=FMC_D1_DA1
PD2.Mode=SD_4_bits_Wide_bus
PD2.Signal=SDMMC1_CMD
PD3.Locked=true
PD3.Signal=GPIO_Output
PD4.Signal=FMC_NOE
PD5.Signal=FMC_NWE
PD6.Mode=Full_Duplex_Master
PD6.Signal=SPI3_MOSI
PD7.Mode=Full_Duplex_Master
PD7.Signal=SPI1_MOSI
PD8.Signal=FMC_D13_DA13
PD9.Signal=FMC_D14_DA14
PE0.Signal=FMC_NBL0
PE1.Signal=FMC_NBL1
PE10.Signal=FMC_D7_DA7
PE11.Signal=FMC_D8_DA8
PE12.Signal=FMC_D9_DA9
PE13.Signal=FMC_D10_DA10
PE14.Signal=FMC_D11_DA11
PE15.Signal=FMC_D12_DA12
PE2.Mode=Full_Duplex_Master
PE2.Signal=SPI4_SCK
PE3.Locked=true
PE3.Signal=GPIO_Output
PE4.Locked=true
PE4.Signal=GPIO_Output
PE5.Mode=Full_Duplex_Master
PE5.Signal=SPI4_MISO
PE6.Mode=Full_Duplex_Master
PE6.Signal=SPI4_MOSI
PE7.Signal=FMC_D4_DA4
PE8.Signal=FMC_D5_DA5
PE9.Signal=FMC_D6_DA6
PF0.Signal=FMC_A0
PF1.Signal=FMC_A1
PF10.Mode=RGB565
PF10.Signal=LTDC_DE
PF11.Signal=FMC_SDNRAS
PF12.Signal=FMC_A6
PF13.Signal=FMC_A7
PF14.Signal=FMC_A8
PF15.Signal=FMC_A9
PF2.Signal=FMC_A2
PF3.Signal=FMC_A3
PF4.Signal=FMC_A4
PF5.Signal=FMC_A5
PF6.Mode=Single Bank 1
PF6.Signal=QUADSPI_BK1_IO3
PF7.Mode=Single Bank 1
PF7.Signal=QUADSPI_BK1_IO2
PF8.Mode=Single Bank 1
PF8.Signal=QUADSPI_BK1_IO0
PF9.Mode=Single Bank 1
PF9.Signal=QUADSPI_BK1_IO1
PG0.Signal=FMC_A10
PG1.Signal=FMC_A11
PG10.Mode=NorPsramChipSelect3_3
PG10.Signal=FMC_NE3
PG11.Mode=RMII
PG11.Signal=ETH_TX_EN
PG12.Locked=true
PG12.Signal=GPIO_Output
PG13.Mode=RMII
PG13.Signal=ETH_TXD0
PG14.Mode=RMII
PG14.Signal=ETH_TXD1
PG15.Signal=FMC_SDNCAS
PG2.Signal=FMC_A12
PG3.Signal=FMC_A13
PG4.Signal=FMC_A14_BA0
PG5.Signal=FMC_A15_BA1
PG6.Mode=RGB565
PG6.Signal=LTDC_R7
PG7.Mode=RGB565
PG7.Signal=LTDC_CLK
PG8.Signal=FMC_SDCLK
PG9.Mode=NandChipSelect3_1
PG9.Signal=FMC_NCE
PH0-OSC_IN.Mode=HSE-External-Oscillator
PH0-OSC_IN.Signal=RCC_OSC_IN
PH1-OSC_OUT.Mode=HSE-External-Oscillator
PH1-OSC_OUT.Signal=RCC_OSC_OUT
PH10.Mode=RGB565
PH10.Signal=LTDC_R4
PH11.Locked=true
PH11.Signal=GPIO_Output
PH12.Mode=RGB565
PH12.Signal=LTDC_R6
PH13.Mode=RGB565
PH13.Signal=LTDC_G2
PH14.Mode=RGB565
PH14.Signal=LTDC_G3
PH15.Mode=RGB565
PH15.Signal=LTDC_G4
PH2.Mode=SdramChipSelect1_1
PH2.Signal=FMC_SDCKE0
PH3.Mode=SdramChipSelect1_1
PH3.Signal=FMC_SDNE0
PH4.Mode=RGB565
PH4.Signal=LTDC_G5
PH5.Signal=FMC_SDNWE
PH6.Locked=true
PH6.Signal=GPIO_Output
PH7.Locked=true
PH7.Signal=GPIO_Output
PH8.Locked=true
PH8.Signal=GPIO_Output
PH9.Mode=RGB565
PH9.Signal=LTDC_R3
PI0.Locked=true
PI0.Signal=GPIO_Output
PI1.Mode=Full_Duplex_Master
PI1.Signal=SPI2_SCK
PI10.Mode=RGB565
PI10.Signal=LTDC_HSYNC
PI11.Mode=RGB565
PI11.Signal=LTDC_G6
PI2.Mode=RGB565
PI2.Signal=LTDC_G7
PI3.Mode=Full_Duplex_Master
PI3.Signal=SPI2_MOSI
PI4.Locked=true
PI4.Signal=GPIO_Output
PI5.Locked=true
PI5.Signal=GPIO_Output
PI6.Mode=RGB565
PI6.Signal=LTDC_B6
PI7.Mode=RGB565
PI7.Signal=LTDC_B7
PI8.Locked=true
PI8.Signal=GPXTI8
PI9.Mode=RGB565
PI9.Signal=LTDC_VSYNC
PinOutPanel.RotationAngle=0
ProjectManager.AskForMigrate=true
ProjectManager.BackupPrevious=false
ProjectManager.CompilerOptimize=6
ProjectManager.ComputerToolchain=false
ProjectManager.CoupleFile=true
ProjectManager.CustomerFirmwarePackage=
ProjectManager.DefaultFWLocation=true
ProjectManager.DeletePrevious=true
ProjectManager.DeviceId=STM32H753IITx
ProjectManager.FirmwarePackage=STM32Cube FW_H7 V1.3.0
ProjectManager.FreePins=false
ProjectManager.HalAssertFull=false
ProjectManager.HeapSize=0x1000
ProjectManager.KeepUserCode=true
ProjectManager.LastFirmware=true
ProjectManager.LibraryCopy=0
ProjectManager.MainLocation=Src
ProjectManager.NoMain=false
ProjectManager.PreviousToolchain=
ProjectManager.ProjectBuild=false
ProjectManager.ProjectFileName=first_one.ioc
ProjectManager.ProjectName=first_one
ProjectManager.StackSize=0x1000
ProjectManager.TargetToolchain=EWARM V8
ProjectManager.ToolChainLocation=
ProjectManager.UnderRoot=false
ProjectManager.functionlistsort=1-MX_GPIO_Init-GPIO-false-HAL-true,2-MX_DMA_Init-DMA-false-HAL-true,3-SystemClock_Config-RCC-false-HAL-false,4-MX_ADC1_Init-ADC1-false-HAL-true,5-MX_ADC2_Init-ADC2-false-HAL-true,6-MX_ADC3_Init-ADC3-false-HAL-true,7-MX_CORTEX_M7_Init-CORTEX_M7-false-HAL-true,8-MX_CRC_Init-CRC-false-HAL-true,9-MX_DAC1_Init-DAC1-false-HAL-true,10-MX_DMA2D_Init-DMA2D-false-HAL-true,11-MX_FDCAN1_Init-FDCAN1-false-HAL-true,12-MX_FMC_Init-FMC-false-HAL-true,13-MX_IWDG1_Init-IWDG1-false-HAL-true,14-MX_JPEG_Init-JPEG-false-HAL-true,15-MX_LPTIM1_Init-LPTIM1-false-HAL-true,16-MX_LPTIM2_Init-LPTIM2-false-HAL-true,17-MX_LPTIM3_Init-LPTIM3-false-HAL-true,18-MX_LPTIM4_Init-LPTIM4-false-HAL-true,19-MX_LPTIM5_Init-LPTIM5-false-HAL-true,20-MX_LTDC_Init-LTDC-false-HAL-true,21-MX_QUADSPI_Init-QUADSPI-false-HAL-true,22-MX_RNG_Init-RNG-false-HAL-true,23-MX_SAI1_Init-SAI1-false-HAL-true,24-MX_SDMMC1_SD_Init-SDMMC1-false-HAL-true,25-MX_SPI1_Init-SPI1-false-HAL-true,26-MX_SPI2_Init-SPI2-false-HAL-true,27-MX_SPI3_Init-SPI3-false-HAL-true,28-MX_SPI4_Init-SPI4-false-HAL-true,29-MX_TIM1_Init-TIM1-false-HAL-true,30-MX_TIM2_Init-TIM2-false-HAL-true,31-MX_TIM3_Init-TIM3-false-HAL-true,32-MX_TIM4_Init-TIM4-false-HAL-true,33-MX_TIM5_Init-TIM5-false-HAL-true,34-MX_TIM7_Init-TIM7-false-HAL-true,35-MX_TIM8_Init-TIM8-false-HAL-true,36-MX_TIM12_Init-TIM12-false-HAL-true,37-MX_TIM13_Init-TIM13-false-HAL-true,38-MX_TIM14_Init-TIM14-false-HAL-true,39-MX_TIM15_Init-TIM15-false-HAL-true,40-MX_TIM16_Init-TIM16-false-HAL-true,41-MX_TIM17_Init-TIM17-false-HAL-true,42-MX_UART5_Init-UART5-false-HAL-true,43-MX_USART1_UART_Init-USART1-false-HAL-true,44-MX_USART3_UART_Init-USART3-false-HAL-true,45-MX_WWDG1_Init-WWDG1-false-HAL-true,46-MX_FATFS_Init-FATFS-false-HAL-true,47-MX_LIBJPEG_Init-LIBJPEG-false-HAL-true,48-MX_LWIP_Init-LWIP-false-HAL-true,49-MX_MBEDTLS_Init-MBEDTLS-false-HAL-true,50-MX_PDM2PCM_Init-PDM2PCM-false-HAL-true,51-MX_USB_HOST_Init-USB_HOST-false-HAL-true,52-MX_CRYP_Init-CRYP-false-HAL-true,53-MX_HASH_Init-HASH-false-HAL-true
RCC.ADCFreq_Value=400000000
RCC.AHB12Freq_Value=200000000
RCC.AHB4Freq_Value=200000000
RCC.APB1Freq_Value=100000000
RCC.APB2Freq_Value=100000000
RCC.APB3Freq_Value=100000000
RCC.APB4Freq_Value=100000000
RCC.AXIClockFreq_Value=200000000
RCC.CECFreq_Value=32000
RCC.CKPERFreq_Value=64000000
RCC.CortexFreq_Value=400000000
RCC.CpuClockFreq_Value=400000000
RCC.D1CPREFreq_Value=400000000
RCC.D1PPRE=RCC_APB3_DIV2
RCC.D2PPRE1=RCC_APB1_DIV2
RCC.D2PPRE2=RCC_APB2_DIV2
RCC.D3PPRE=RCC_APB4_DIV2
RCC.DFSDMACLkFreq_Value=200000000
RCC.DFSDMFreq_Value=100000000
RCC.DIVM1=4
RCC.DIVM2=4
RCC.DIVM3=4
RCC.DIVN1=400
RCC.DIVN2=400
RCC.DIVN3=400
RCC.DIVP1Freq_Value=400000000
RCC.DIVP2Freq_Value=400000000
RCC.DIVP3Freq_Value=400000000
RCC.DIVQ1=4
RCC.DIVQ1Freq_Value=200000000
RCC.DIVQ2Freq_Value=400000000
RCC.DIVQ3Freq_Value=400000000
RCC.DIVR1Freq_Value=400000000
RCC.DIVR2Freq_Value=400000000
RCC.DIVR3Freq_Value=400000000
RCC.FDCANFreq_Value=200000000
RCC.FMCFreq_Value=200000000
RCC.FamilyName=M
RCC.HCLK3ClockFreq_Value=200000000
RCC.HCLKFreq_Value=200000000
RCC.HPRE=RCC_HCLK_DIV2
RCC.HRTIMFreq_Value=200000000
RCC.HSE_VALUE=8000000
RCC.I2C123Freq_Value=100000000
RCC.I2C4Freq_Value=100000000
RCC.IPParameters=ADCFreq_Value,AHB12Freq_Value,AHB4Freq_Value,APB1Freq_Value,APB2Freq_Value,APB3Freq_Value,APB4Freq_Value,AXIClockFreq_Value,CECFreq_Value,CKPERFreq_Value,CortexFreq_Value,CpuClockFreq_Value,D1CPREFreq_Value,D1PPRE,D2PPRE1,D2PPRE2,D3PPRE,DFSDMACLkFreq_Value,DFSDMFreq_Value,DIVM1,DIVM2,DIVM3,DIVN1,DIVN2,DIVN3,DIVP1Freq_Value,DIVP2Freq_Value,DIVP3Freq_Value,DIVQ1,DIVQ1Freq_Value,DIVQ2Freq_Value,DIVQ3Freq_Value,DIVR1Freq_Value,DIVR2Freq_Value,DIVR3Freq_Value,FDCANFreq_Value,FMCFreq_Value,FamilyName,HCLK3ClockFreq_Value,HCLKFreq_Value,HPRE,HRTIMFreq_Value,HSE_VALUE,I2C123Freq_Value,I2C4Freq_Value,LPTIM1Freq_Value,LPTIM2Freq_Value,LPTIM345Freq_Value,LPUART1Freq_Value,LTDCFreq_Value,MCO1PinFreq_Value,MCO2PinFreq_Value,PLLSourceVirtual,QSPIFreq_Value,RCC_TIM_PRescaler_Selection,RNGFreq_Value,RTCFreq_Value,SAI1Freq_Value,SAI23Freq_Value,SAI4AFreq_Value,SAI4BFreq_Value,SDMMCFreq_Value,SPDIFRXFreq_Value,SPI123Freq_Value,SPI45Freq_Value,SPI6Freq_Value,SWPMI1Freq_Value,SYSCLKFreq_VALUE,SYSCLKSource,Tim1OutputFreq_Value,Tim2OutputFreq_Value,USART16Freq_Value,USART234578Freq_Value,USBCLockSelection,USBFreq_Value,VCO1OutputFreq_Value,VCO2OutputFreq_Value,VCO3OutputFreq_Value,VCOInput1Freq_Value,VCOInput2Freq_Value,VCOInput3Freq_Value
RCC.LPTIM1Freq_Value=100000000
RCC.LPTIM2Freq_Value=100000000
RCC.LPTIM345Freq_Value=100000000
RCC.LPUART1Freq_Value=100000000
RCC.LTDCFreq_Value=400000000
RCC.MCO1PinFreq_Value=64000000
RCC.MCO2PinFreq_Value=400000000
RCC.PLLSourceVirtual=RCC_PLLSOURCE_HSE
RCC.QSPIFreq_Value=200000000
RCC.RCC_TIM_PRescaler_Selection=RCC_TIMPRES_ACTIVATED
RCC.RNGFreq_Value=48000000
RCC.RTCFreq_Value=32000
RCC.SAI1Freq_Value=200000000
RCC.SAI23Freq_Value=200000000
RCC.SAI4AFreq_Value=200000000
RCC.SAI4BFreq_Value=200000000
RCC.SDMMCFreq_Value=200000000
RCC.SPDIFRXFreq_Value=200000000
RCC.SPI123Freq_Value=200000000
RCC.SPI45Freq_Value=100000000
RCC.SPI6Freq_Value=100000000
RCC.SWPMI1Freq_Value=100000000
RCC.SYSCLKFreq_VALUE=400000000
RCC.SYSCLKSource=RCC_SYSCLKSOURCE_PLLCLK
RCC.Tim1OutputFreq_Value=200000000
RCC.Tim2OutputFreq_Value=200000000
RCC.USART16Freq_Value=100000000
RCC.USART234578Freq_Value=100000000
RCC.USBCLockSelection=RCC_USBCLKSOURCE_HSI48
RCC.USBFreq_Value=48000000
RCC.VCO1OutputFreq_Value=800000000
RCC.VCO2OutputFreq_Value=800000000
RCC.VCO3OutputFreq_Value=800000000
RCC.VCOInput1Freq_Value=2000000
RCC.VCOInput2Freq_Value=2000000
RCC.VCOInput3Freq_Value=2000000
SAI1.Activation=ENABLE
SAI1.ErrorAudioFreq-PDM_Master_Mode=1.72 %
SAI1.IPParameters=Instance-PDM_Master_Mode,VirtualMode-PDM_Master_Mode,Synchro-PDM_Master_Mode,MClockEnable-PDM_Master_Mode,Activation,VirtualProtocol-PDM_Master_Mode,RealAudioFreq-PDM_Master_Mode,ErrorAudioFreq-PDM_Master_Mode
SAI1.Instance-PDM_Master_Mode=SAI$Index_Block_A
SAI1.MClockEnable-PDM_Master_Mode=SAI_MASTERCLOCK_DISABLE
SAI1.RealAudioFreq-PDM_Master_Mode=195.312 KHz
SAI1.Synchro-PDM_Master_Mode=SAI_ASYNCHRONOUS
SAI1.VirtualMode-PDM_Master_Mode=VM_MASTER
SAI1.VirtualProtocol-PDM_Master_Mode=VM_PDM_PROTOCOL
SH.ADCx_INN5.0=ADC1_INN5,IN5-Differential
SH.ADCx_INN5.1=ADC2_INN5,IN5-Differential
SH.ADCx_INN5.ConfNb=2
SH.ADCx_INP5.0=ADC1_INP5,IN5-Differential
SH.ADCx_INP5.1=ADC2_INP5,IN5-Differential
SH.ADCx_INP5.ConfNb=2
SH.COMP_DAC11_group.0=DAC1_OUT1,DAC_OUT1_ExtAndInt
SH.COMP_DAC11_group.ConfNb=1
SH.FMC_A0.0=FMC_A0,13b-sda1
SH.FMC_A0.1=FMC_A0,A0_3
SH.FMC_A0.2=FMC_A0,19b-a1
SH.FMC_A0.ConfNb=3
SH.FMC_A1.0=FMC_A1,13b-sda1
SH.FMC_A1.1=FMC_A1,19b-a1
SH.FMC_A1.ConfNb=2
SH.FMC_A10.0=FMC_A10,13b-sda1
SH.FMC_A10.1=FMC_A10,19b-a1
SH.FMC_A10.ConfNb=2
SH.FMC_A11.0=FMC_A11,13b-sda1
SH.FMC_A11.1=FMC_A11,19b-a1
SH.FMC_A11.ConfNb=2
SH.FMC_A12.0=FMC_A12,13b-sda1
SH.FMC_A12.1=FMC_A12,19b-a1
SH.FMC_A12.ConfNb=2
SH.FMC_A13.0=FMC_A13,19b-a1
SH.FMC_A13.ConfNb=1
SH.FMC_A14_BA0.0=FMC_BA0,FourSdramBanks1
SH.FMC_A14_BA0.1=FMC_A14,19b-a1
SH.FMC_A14_BA0.ConfNb=2
SH.FMC_A15_BA1.0=FMC_BA1,FourSdramBanks1
SH.FMC_A15_BA1.1=FMC_A15,19b-a1
SH.FMC_A15_BA1.ConfNb=2
SH.FMC_A16_CLE.0=FMC_CLE,8b-dmux1
SH.FMC_A16_CLE.1=FMC_A16,19b-a1
SH.FMC_A16_CLE.ConfNb=2
SH.FMC_A17_ALE.0=FMC_ALE,8b-dmux1
SH.FMC_A17_ALE.1=FMC_A17,19b-a1
SH.FMC_A17_ALE.ConfNb=2
SH.FMC_A18.0=FMC_A18,19b-a1
SH.FMC_A18.ConfNb=1
SH.FMC_A2.0=FMC_A2,13b-sda1
SH.FMC_A2.1=FMC_A2,19b-a1
SH.FMC_A2.ConfNb=2
SH.FMC_A3.0=FMC_A3,13b-sda1
SH.FMC_A3.1=FMC_A3,19b-a1
SH.FMC_A3.ConfNb=2
SH.FMC_A4.0=FMC_A4,13b-sda1
SH.FMC_A4.1=FMC_A4,19b-a1
SH.FMC_A4.ConfNb=2
SH.FMC_A5.0=FMC_A5,13b-sda1
SH.FMC_A5.1=FMC_A5,19b-a1
SH.FMC_A5.ConfNb=2
SH.FMC_A6.0=FMC_A6,13b-sda1
SH.FMC_A6.1=FMC_A6,19b-a1
SH.FMC_A6.ConfNb=2
SH.FMC_A7.0=FMC_A7,13b-sda1
SH.FMC_A7.1=FMC_A7,19b-a1
SH.FMC_A7.ConfNb=2
SH.FMC_A8.0=FMC_A8,13b-sda1
SH.FMC_A8.1=FMC_A8,19b-a1
SH.FMC_A8.ConfNb=2
SH.FMC_A9.0=FMC_A9,13b-sda1
SH.FMC_A9.1=FMC_A9,19b-a1
SH.FMC_A9.ConfNb=2
SH.FMC_D0_DA0.0=FMC_D0,8b-dmux1
SH.FMC_D0_DA0.1=FMC_D0,sd-16b-d1
SH.FMC_D0_DA0.2=FMC_D0,16b-d1
SH.FMC_D0_DA0.3=FMC_D0,16b-d3
SH.FMC_D0_DA0.ConfNb=4
SH.FMC_D10_DA10.0=FMC_D10,sd-16b-d1
SH.FMC_D10_DA10.1=FMC_D10,16b-d1
SH.FMC_D10_DA10.2=FMC_D10,16b-d3
SH.FMC_D10_DA10.ConfNb=3
SH.FMC_D11_DA11.0=FMC_D11,sd-16b-d1
SH.FMC_D11_DA11.1=FMC_D11,16b-d1
SH.FMC_D11_DA11.2=FMC_D11,16b-d3
SH.FMC_D11_DA11.ConfNb=3
SH.FMC_D12_DA12.0=FMC_D12,sd-16b-d1
SH.FMC_D12_DA12.1=FMC_D12,16b-d1
SH.FMC_D12_DA12.2=FMC_D12,16b-d3
SH.FMC_D12_DA12.ConfNb=3
SH.FMC_D13_DA13.0=FMC_D13,sd-16b-d1
SH.FMC_D13_DA13.1=FMC_D13,16b-d1
SH.FMC_D13_DA13.2=FMC_D13,16b-d3
SH.FMC_D13_DA13.ConfNb=3
SH.FMC_D14_DA14.0=FMC_D14,sd-16b-d1
SH.FMC_D14_DA14.1=FMC_D14,16b-d1
SH.FMC_D14_DA14.2=FMC_D14,16b-d3
SH.FMC_D14_DA14.ConfNb=3
SH.FMC_D15_DA15.0=FMC_D15,sd-16b-d1
SH.FMC_D15_DA15.1=FMC_D15,16b-d1
SH.FMC_D15_DA15.2=FMC_D15,16b-d3
SH.FMC_D15_DA15.ConfNb=3
SH.FMC_D1_DA1.0=FMC_D1,8b-dmux1
SH.FMC_D1_DA1.1=FMC_D1,sd-16b-d1
SH.FMC_D1_DA1.2=FMC_D1,16b-d1
SH.FMC_D1_DA1.3=FMC_D1,16b-d3
SH.FMC_D1_DA1.ConfNb=4
SH.FMC_D2_DA2.0=FMC_D2,8b-dmux1
SH.FMC_D2_DA2.1=FMC_D2,sd-16b-d1
SH.FMC_D2_DA2.2=FMC_D2,16b-d1
SH.FMC_D2_DA2.3=FMC_D2,16b-d3
SH.FMC_D2_DA2.ConfNb=4
SH.FMC_D3_DA3.0=FMC_D3,8b-dmux1
SH.FMC_D3_DA3.1=FMC_D3,sd-16b-d1
SH.FMC_D3_DA3.2=FMC_D3,16b-d1
SH.FMC_D3_DA3.3=FMC_D3,16b-d3
SH.FMC_D3_DA3.ConfNb=4
SH.FMC_D4_DA4.0=FMC_D4,8b-dmux1
SH.FMC_D4_DA4.1=FMC_D4,sd-16b-d1
SH.FMC_D4_DA4.2=FMC_D4,16b-d1
SH.FMC_D4_DA4.3=FMC_D4,16b-d3
SH.FMC_D4_DA4.ConfNb=4
SH.FMC_D5_DA5.0=FMC_D5,8b-dmux1
SH.FMC_D5_DA5.1=FMC_D5,sd-16b-d1
SH.FMC_D5_DA5.2=FMC_D5,16b-d1
SH.FMC_D5_DA5.3=FMC_D5,16b-d3
SH.FMC_D5_DA5.ConfNb=4
SH.FMC_D6_DA6.0=FMC_D6,8b-dmux1
SH.FMC_D6_DA6.1=FMC_D6,sd-16b-d1
SH.FMC_D6_DA6.2=FMC_D6,16b-d1
SH.FMC_D6_DA6.3=FMC_D6,16b-d3
SH.FMC_D6_DA6.ConfNb=4
SH.FMC_D7_DA7.0=FMC_D7,8b-dmux1
SH.FMC_D7_DA7.1=FMC_D7,sd-16b-d1
SH.FMC_D7_DA7.2=FMC_D7,16b-d1
SH.FMC_D7_DA7.3=FMC_D7,16b-d3
SH.FMC_D7_DA7.ConfNb=4
SH.FMC_D8_DA8.0=FMC_D8,sd-16b-d1
SH.FMC_D8_DA8.1=FMC_D8,16b-d1
SH.FMC_D8_DA8.2=FMC_D8,16b-d3
SH.FMC_D8_DA8.ConfNb=3
SH.FMC_D9_DA9.0=FMC_D9,sd-16b-d1
SH.FMC_D9_DA9.1=FMC_D9,16b-d1
SH.FMC_D9_DA9.2=FMC_D9,16b-d3
SH.FMC_D9_DA9.ConfNb=3
SH.FMC_NBL0.0=FMC_NBL0,Sd2ByteEnable1
SH.FMC_NBL0.1=FMC_NBL0,2ByteEnable1
SH.FMC_NBL0.ConfNb=2
SH.FMC_NBL1.0=FMC_NBL1,Sd2ByteEnable1
SH.FMC_NBL1.1=FMC_NBL1,2ByteEnable1
SH.FMC_NBL1.ConfNb=2
SH.FMC_NOE.0=FMC_NOE,Sram1
SH.FMC_NOE.1=FMC_NOE,8b-dmux1
SH.FMC_NOE.2=FMC_NOE,Lcd3
SH.FMC_NOE.ConfNb=3
SH.FMC_NWAIT.0=FMC_NWAIT,Wait1
SH.FMC_NWAIT.1=FMC_NWAIT,AsynchronousWait1
SH.FMC_NWAIT.ConfNb=2
SH.FMC_NWE.0=FMC_NWE,Sram1
SH.FMC_NWE.1=FMC_NWE,8b-dmux1
SH.FMC_NWE.2=FMC_NWE,Lcd3
SH.FMC_NWE.ConfNb=3
SH.FMC_SDCLK.0=FMC_SDCLK,13b-sda1
SH.FMC_SDCLK.ConfNb=1
SH.FMC_SDNCAS.0=FMC_SDNCAS,13b-sda1
SH.FMC_SDNCAS.ConfNb=1
SH.FMC_SDNRAS.0=FMC_SDNRAS,13b-sda1
SH.FMC_SDNRAS.ConfNb=1
SH.FMC_SDNWE.0=FMC_SDNWE,13b-sda1
SH.FMC_SDNWE.ConfNb=1
SH.GPXTI13.0=GPIO_EXTI13
SH.GPXTI13.ConfNb=1
SH.GPXTI8.0=GPIO_EXTI8
SH.GPXTI8.ConfNb=1
SPI1.BaudRatePrescaler=SPI_BAUDRATEPRESCALER_2
SPI1.CalculateBaudRate=100.0 MBits/s
SPI1.DataSize=SPI_DATASIZE_24BIT
SPI1.Direction=SPI_DIRECTION_2LINES
SPI1.IPParameters=VirtualType,Mode,Direction,CalculateBaudRate,BaudRatePrescaler,DataSize
SPI1.Mode=SPI_MODE_MASTER
SPI1.VirtualType=VM_MASTER
SPI2.BaudRatePrescaler=SPI_BAUDRATEPRESCALER_2
SPI2.CalculateBaudRate=100.0 MBits/s
SPI2.DataSize=SPI_DATASIZE_24BIT
SPI2.Direction=SPI_DIRECTION_2LINES
SPI2.IPParameters=VirtualType,Mode,Direction,BaudRatePrescaler,CalculateBaudRate,DataSize
SPI2.Mode=SPI_MODE_MASTER
SPI2.VirtualType=VM_MASTER
SPI3.BaudRatePrescaler=SPI_BAUDRATEPRESCALER_4
SPI3.CalculateBaudRate=50.0 MBits/s
SPI3.Direction=SPI_DIRECTION_2LINES
SPI3.IPParameters=VirtualType,Mode,Direction,CalculateBaudRate,BaudRatePrescaler
SPI3.Mode=SPI_MODE_MASTER
SPI3.VirtualType=VM_MASTER
SPI4.BaudRatePrescaler=SPI_BAUDRATEPRESCALER_2
SPI4.CalculateBaudRate=50.0 MBits/s
SPI4.DataSize=SPI_DATASIZE_16BIT
SPI4.Direction=SPI_DIRECTION_2LINES
SPI4.IPParameters=VirtualType,Mode,Direction,CalculateBaudRate,BaudRatePrescaler,DataSize
SPI4.Mode=SPI_MODE_MASTER
SPI4.VirtualType=VM_MASTER
USART1.IPParameters=VirtualMode-Asynchronous
USART1.VirtualMode-Asynchronous=VM_ASYNC
USART3.IPParameters=VirtualMode-Asynchronous
USART3.VirtualMode-Asynchronous=VM_ASYNC
USB_HOST.IPParameters=VirtualModeFS,USBH_HandleTypeDef-ALL_Classes_FS,USBH_DEBUG_LEVEL-ALL_Classes_FS
USB_HOST.USBH_DEBUG_LEVEL-ALL_Classes_FS=3
USB_HOST.USBH_HandleTypeDef-ALL_Classes_FS=hUsbHostFS
USB_HOST.VirtualModeFS=All_Classes
USB_OTG_FS.IPParameters=VirtualMode,phy_itface,dma_enable,Sof_enable
USB_OTG_FS.Sof_enable=ENABLE
USB_OTG_FS.VirtualMode=Host_Only
USB_OTG_FS.dma_enable=ENABLE
USB_OTG_FS.phy_itface=HCD_PHY_EMBEDDED
VP_CRC_VS_CRC.Mode=CRC_Activate
VP_CRC_VS_CRC.Signal=CRC_VS_CRC
VP_CRYP_VS_CRYP.Mode=CRYP_Activate
VP_CRYP_VS_CRYP.Signal=CRYP_VS_CRYP
VP_DMA2D_VS_DMA2D.Mode=DMA2D_Activate
VP_DMA2D_VS_DMA2D.Signal=DMA2D_VS_DMA2D
VP_FATFS_VS_FMC_SDRAM.Mode=FMC_SDRAM
VP_FATFS_VS_FMC_SDRAM.Signal=FATFS_VS_FMC_SDRAM
VP_FATFS_VS_Generic.Mode=User_defined
VP_FATFS_VS_Generic.Signal=FATFS_VS_Generic
VP_FATFS_VS_SDIO.Mode=SDIO
VP_FATFS_VS_SDIO.Signal=FATFS_VS_SDIO
VP_FATFS_VS_SRAM.Mode=SRAM
VP_FATFS_VS_SRAM.Signal=FATFS_VS_SRAM
VP_FATFS_VS_USB.Mode=USB
VP_FATFS_VS_USB.Signal=FATFS_VS_USB
VP_FREERTOS_VS_ENABLE.Mode=Enabled
VP_FREERTOS_VS_ENABLE.Signal=FREERTOS_VS_ENABLE
VP_HASH_VS_HASH.Mode=HASH_Activate
VP_HASH_VS_HASH.Signal=HASH_VS_HASH
VP_IWDG1_VS_IWDG.Mode=IWDG_Activate
VP_IWDG1_VS_IWDG.Signal=IWDG1_VS_IWDG
VP_JPEG_VS_JPEG.Mode=JPEG_Activate
VP_JPEG_VS_JPEG.Signal=JPEG_VS_JPEG
VP_LIBJPEG_VS_JPEGLIB.Mode=Enabled
VP_LIBJPEG_VS_JPEGLIB.Signal=LIBJPEG_VS_JPEGLIB
VP_LPTIM1_VS_LPTIM_counterModeInternalClock.Mode=Counts__internal_clock_event_00
VP_LPTIM1_VS_LPTIM_counterModeInternalClock.Signal=LPTIM1_VS_LPTIM_counterModeInternalClock
VP_LPTIM2_VS_LPTIM_counterModeInternalClock.Mode=Counts__internal_clock_event_00
VP_LPTIM2_VS_LPTIM_counterModeInternalClock.Signal=LPTIM2_VS_LPTIM_counterModeInternalClock
VP_LPTIM3_VS_LPTIM_counterModeInternalClock.Mode=Counts__internal_clock_event_00
VP_LPTIM3_VS_LPTIM_counterModeInternalClock.Signal=LPTIM3_VS_LPTIM_counterModeInternalClock
VP_LPTIM4_VS_LPTIM_counterModeInternalClock.Mode=Counts__internal_clock_event_00
VP_LPTIM4_VS_LPTIM_counterModeInternalClock.Signal=LPTIM4_VS_LPTIM_counterModeInternalClock
VP_LPTIM5_VS_LPTIM_counterModeInternalClock.Mode=Counts__internal_clock_event_00
VP_LPTIM5_VS_LPTIM_counterModeInternalClock.Signal=LPTIM5_VS_LPTIM_counterModeInternalClock
VP_LWIP_VS_Enabled.Mode=Enabled
VP_LWIP_VS_Enabled.Signal=LWIP_VS_Enabled
VP_MBEDTLS_VS_MBEDTLS.Mode=Enabled
VP_MBEDTLS_VS_MBEDTLS.Signal=MBEDTLS_VS_MBEDTLS
VP_PDM2PCM_VS_PDM2PCM.Mode=PDM2PCM_Channel
VP_PDM2PCM_VS_PDM2PCM.Signal=PDM2PCM_VS_PDM2PCM
VP_RNG_VS_RNG.Mode=RNG_Activate
VP_RNG_VS_RNG.Signal=RNG_VS_RNG
VP_SAI1_VP_$IpInstance_SAIA_SAI_CK.Mode=PDM_Master_Mode
VP_SAI1_VP_$IpInstance_SAIA_SAI_CK.Signal=SAI1_VP_$IpInstance_SAIA_SAI_CK
VP_SYS_VS_tim6.Mode=TIM6
VP_SYS_VS_tim6.Signal=SYS_VS_tim6
VP_TIM12_VS_ClockSourceINT.Mode=Internal
VP_TIM12_VS_ClockSourceINT.Signal=TIM12_VS_ClockSourceINT
VP_TIM13_VS_ClockSourceINT.Mode=Enable_Timer
VP_TIM13_VS_ClockSourceINT.Signal=TIM13_VS_ClockSourceINT
VP_TIM14_VS_ClockSourceINT.Mode=Enable_Timer
VP_TIM14_VS_ClockSourceINT.Signal=TIM14_VS_ClockSourceINT
VP_TIM15_VS_ClockSourceINT.Mode=Internal
VP_TIM15_VS_ClockSourceINT.Signal=TIM15_VS_ClockSourceINT
VP_TIM16_VS_ClockSourceINT.Mode=Enable_Timer
VP_TIM16_VS_ClockSourceINT.Signal=TIM16_VS_ClockSourceINT
VP_TIM17_VS_ClockSourceINT.Mode=Enable_Timer
VP_TIM17_VS_ClockSourceINT.Signal=TIM17_VS_ClockSourceINT
VP_TIM1_VS_ClockSourceINT.Mode=Internal
VP_TIM1_VS_ClockSourceINT.Signal=TIM1_VS_ClockSourceINT
VP_TIM2_VS_ClockSourceINT.Mode=Internal
VP_TIM2_VS_ClockSourceINT.Signal=TIM2_VS_ClockSourceINT
VP_TIM3_VS_ClockSourceINT.Mode=Internal
VP_TIM3_VS_ClockSourceINT.Signal=TIM3_VS_ClockSourceINT
VP_TIM4_VS_ClockSourceINT.Mode=Internal
VP_TIM4_VS_ClockSourceINT.Signal=TIM4_VS_ClockSourceINT
VP_TIM5_VS_ClockSourceINT.Mode=Internal
VP_TIM5_VS_ClockSourceINT.Signal=TIM5_VS_ClockSourceINT
VP_TIM7_VS_ClockSourceINT.Mode=Enable_Timer
VP_TIM7_VS_ClockSourceINT.Signal=TIM7_VS_ClockSourceINT
VP_TIM8_VS_ClockSourceINT.Mode=Internal
VP_TIM8_VS_ClockSourceINT.Signal=TIM8_VS_ClockSourceINT
VP_USB_HOST_VS_USB_HOST_ALL_CLASS_FS.Mode=ALL_Classes_FS
VP_USB_HOST_VS_USB_HOST_ALL_CLASS_FS.Signal=USB_HOST_VS_USB_HOST_ALL_CLASS_FS
VP_WWDG1_VS_WWDG.Mode=WWDG_Activate
VP_WWDG1_VS_WWDG.Signal=WWDG1_VS_WWDG
WWDG1.Counter=127
WWDG1.IPParameters=Prescaler,Window,Counter
WWDG1.Prescaler=WWDG_PRESCALER_64
WWDG1.Window=127
board=custom
